PODS:
  - Cache (6.0.0)
  - Closures (0.7)
  - DropDown (2.3.13)
  - Firebase (6.34.0):
    - Firebase/Core (= 6.34.0)
  - Firebase/Analytics (6.34.0):
    - Firebase/Core
  - Firebase/Auth (6.34.0):
    - Firebase/CoreOnly
    - FirebaseAuth (~> 6.9.2)
  - Firebase/Core (6.34.0):
    - Firebase/CoreOnly
    - FirebaseAnalytics (= 6.9.0)
  - Firebase/CoreOnly (6.34.0):
    - FirebaseCore (= 6.10.4)
  - Firebase/Crashlytics (6.34.0):
    - Firebase/CoreOnly
    - FirebaseCrashlytics (~> 4.6.2)
  - Firebase/Database (6.34.0):
    - Firebase/CoreOnly
    - FirebaseDatabase (~> 6.6.0)
  - Firebase/DynamicLinks (6.34.0):
    - Firebase/CoreOnly
    - FirebaseDynamicLinks (~> 4.3.1)
  - Firebase/Messaging (6.34.0):
    - Firebase/CoreOnly
    - FirebaseMessaging (~> 4.7.1)
  - Firebase/Performance (6.34.0):
    - Firebase/CoreOnly
    - FirebasePerformance (~> 3.3.1)
  - Firebase/Storage (6.34.0):
    - Firebase/CoreOnly
    - FirebaseStorage (~> 3.9.1)
  - FirebaseABTesting (4.2.0):
    - FirebaseCore (~> 6.10)
  - FirebaseAnalytics (6.9.0):
    - FirebaseCore (~> 6.10)
    - FirebaseInstallations (~> 1.7)
    - GoogleAppMeasurement (= 6.9.0)
    - GoogleUtilities/AppDelegateSwizzler (~> 6.7)
    - GoogleUtilities/MethodSwizzler (~> 6.7)
    - GoogleUtilities/Network (~> 6.7)
    - "GoogleUtilities/NSData+zlib (~> 6.7)"
    - nanopb (~> 1.30906.0)
  - FirebaseAuth (6.9.2):
    - FirebaseCore (~> 6.10)
    - GoogleUtilities/AppDelegateSwizzler (~> 6.7)
    - GoogleUtilities/Environment (~> 6.7)
    - GTMSessionFetcher/Core (~> 1.1)
  - FirebaseCore (6.10.4):
    - FirebaseCoreDiagnostics (~> 1.6)
    - GoogleUtilities/Environment (~> 6.7)
    - GoogleUtilities/Logger (~> 6.7)
  - FirebaseCoreDiagnostics (1.7.0):
    - GoogleDataTransport (~> 7.4)
    - GoogleUtilities/Environment (~> 6.7)
    - GoogleUtilities/Logger (~> 6.7)
    - nanopb (~> 1.30906.0)
  - FirebaseCrashlytics (4.6.2):
    - FirebaseCore (~> 6.10)
    - FirebaseInstallations (~> 1.6)
    - GoogleDataTransport (~> 7.2)
    - nanopb (~> 1.30906.0)
    - PromisesObjC (~> 1.2)
  - FirebaseDatabase (6.6.0):
    - FirebaseCore (~> 6.10)
    - leveldb-library (~> 1.22)
  - FirebaseDynamicLinks (4.3.1):
    - FirebaseCore (~> 6.10)
  - FirebaseInstallations (1.7.0):
    - FirebaseCore (~> 6.10)
    - GoogleUtilities/Environment (~> 6.7)
    - GoogleUtilities/UserDefaults (~> 6.7)
    - PromisesObjC (~> 1.2)
  - FirebaseInstanceID (4.8.0):
    - FirebaseCore (~> 6.10)
    - FirebaseInstallations (~> 1.6)
    - GoogleUtilities/Environment (~> 6.7)
    - GoogleUtilities/UserDefaults (~> 6.7)
  - FirebaseMessaging (4.7.1):
    - FirebaseCore (~> 6.10)
    - FirebaseInstanceID (~> 4.7)
    - GoogleUtilities/AppDelegateSwizzler (~> 6.7)
    - GoogleUtilities/Environment (~> 6.7)
    - GoogleUtilities/Reachability (~> 6.7)
    - GoogleUtilities/UserDefaults (~> 6.7)
    - Protobuf (>= 3.9.2, ~> 3.9)
  - FirebasePerformance (3.3.1):
    - FirebaseCore (~> 6.9)
    - FirebaseInstallations (~> 1.5)
    - FirebaseRemoteConfig (~> 4.7)
    - GoogleDataTransport (~> 7.0)
    - GoogleToolboxForMac/Logger (~> 2.1)
    - "GoogleToolboxForMac/NSData+zlib (~> 2.1)"
    - GoogleUtilities/Environment (~> 6.2)
    - GoogleUtilities/ISASwizzler (~> 6.2)
    - GoogleUtilities/MethodSwizzler (~> 6.2)
    - GTMSessionFetcher/Core (~> 1.1)
    - Protobuf (~> 3.12)
  - FirebaseRemoteConfig (4.9.1):
    - FirebaseABTesting (~> 4.2)
    - FirebaseCore (~> 6.10)
    - FirebaseInstallations (~> 1.6)
    - GoogleUtilities/Environment (~> 6.7)
    - "GoogleUtilities/NSData+zlib (~> 6.7)"
  - FirebaseStorage (3.9.1):
    - FirebaseCore (~> 6.10)
    - GTMSessionFetcher/Core (~> 1.1)
  - FMPhotoPicker (1.2.0)
  - GoogleAppMeasurement (6.9.0):
    - GoogleUtilities/AppDelegateSwizzler (~> 6.7)
    - GoogleUtilities/MethodSwizzler (~> 6.7)
    - GoogleUtilities/Network (~> 6.7)
    - "GoogleUtilities/NSData+zlib (~> 6.7)"
    - nanopb (~> 1.30906.0)
  - GoogleDataTransport (7.5.1):
    - nanopb (~> 1.30906.0)
  - GoogleToolboxForMac/Defines (2.2.2)
  - GoogleToolboxForMac/Logger (2.2.2):
    - GoogleToolboxForMac/Defines (= 2.2.2)
  - "GoogleToolboxForMac/NSData+zlib (2.2.2)":
    - GoogleToolboxForMac/Defines (= 2.2.2)
  - GoogleUtilities/AppDelegateSwizzler (6.7.2):
    - GoogleUtilities/Environment
    - GoogleUtilities/Logger
    - GoogleUtilities/Network
  - GoogleUtilities/Environment (6.7.2):
    - PromisesObjC (~> 1.2)
  - GoogleUtilities/ISASwizzler (6.7.2)
  - GoogleUtilities/Logger (6.7.2):
    - GoogleUtilities/Environment
  - GoogleUtilities/MethodSwizzler (6.7.2):
    - GoogleUtilities/Logger
  - GoogleUtilities/Network (6.7.2):
    - GoogleUtilities/Logger
    - "GoogleUtilities/NSData+zlib"
    - GoogleUtilities/Reachability
  - "GoogleUtilities/NSData+zlib (6.7.2)"
  - GoogleUtilities/Reachability (6.7.2):
    - GoogleUtilities/Logger
  - GoogleUtilities/UserDefaults (6.7.2):
    - GoogleUtilities/Logger
  - GTMSessionFetcher/Core (1.4.0)
  - ImageSlideshow (1.9.1):
    - ImageSlideshow/Core (= 1.9.1)
  - ImageSlideshow/Core (1.9.1)
  - Imaginary (5.0.0):
    - Cache (~> 6.0.0)
  - InjectableLoggers (2.1.1)
  - InputBarAccessoryView (4.3.3):
    - InputBarAccessoryView/Core (= 4.3.3)
  - InputBarAccessoryView/Core (4.3.3)
  - KeyboardAvoidingView (5.0.1):
    - ViewState (>= 1.0.0)
  - Kingfisher (5.15.6):
    - Kingfisher/Core (= 5.15.6)
  - Kingfisher/Core (5.15.6)
  - leveldb-library (1.22)
  - Lightbox (2.5.0):
    - Imaginary (~> 5.0.0)
  - Macaw (0.9.7):
    - SWXMLHash
  - MBProgressHUD (1.2.0)
  - MessageKit (3.1.0):
    - InputBarAccessoryView (~> 4.3.0)
  - nanopb (1.30906.0):
    - nanopb/decode (= 1.30906.0)
    - nanopb/encode (= 1.30906.0)
  - nanopb/decode (1.30906.0)
  - nanopb/encode (1.30906.0)
  - NYTPhotoViewer (5.0.5):
    - NYTPhotoViewer/AnimatedGifSupport (= 5.0.5)
    - NYTPhotoViewer/Core (= 5.0.5)
  - NYTPhotoViewer/AnimatedGifSupport (5.0.5):
    - NYTPhotoViewer/Core
    - PINRemoteImage/iOS (~> 3.0.1)
    - PINRemoteImage/PINCache
  - NYTPhotoViewer/Core (5.0.5)
  - PageMaster (1.0)
  - PINCache (3.0.2):
    - PINCache/Arc-exception-safe (= 3.0.2)
    - PINCache/Core (= 3.0.2)
  - PINCache/Arc-exception-safe (3.0.2):
    - PINCache/Core
  - PINCache/Core (3.0.2):
    - PINOperation (~> 1.2.0)
  - PINOperation (1.2)
  - PINRemoteImage/Core (3.0.1):
    - PINOperation
  - PINRemoteImage/iOS (3.0.1):
    - PINRemoteImage/Core
  - PINRemoteImage/PINCache (3.0.1):
    - PINCache (~> 3.0.1)
    - PINRemoteImage/Core
  - PromisesObjC (1.2.11)
  - Protobuf (3.13.0)
  - ReadMoreTextView (3.0.1)
  - SDWebImage (5.9.2):
    - SDWebImage/Core (= 5.9.2)
  - SDWebImage/Core (5.9.2)
  - Segmentio (4.1)
  - SWXMLHash (5.0.1)
  - TagListView (1.4.1)
  - Toaster (2.2.0)
  - TPKeyboardAvoidingSwift (3.2)
  - ViewState (1.0.0)
  - WSTagsField (5.4.0)
  - Zoomy (4.0.0):
    - InjectableLoggers (~> 2.0)

DEPENDENCIES:
  - Closures
  - DropDown
  - Firebase
  - Firebase/Analytics
  - Firebase/Auth
  - Firebase/CoreOnly
  - Firebase/Crashlytics
  - Firebase/Database
  - Firebase/DynamicLinks
  - Firebase/Messaging
  - Firebase/Performance
  - Firebase/Storage
  - FMPhotoPicker (from `https://github.com/iBinh/FMPhotoPicker.git`, branch `allowCustomCrop`)
  - ImageSlideshow (~> 1.6)
  - KeyboardAvoidingView (~> 5.0)
  - Kingfisher (~> 5.0)
  - Lightbox
  - Macaw
  - MBProgressHUD (~> 1.2.0)
  - MessageKit (~> 3.1.0)
  - NYTPhotoViewer
  - PageMaster
  - ReadMoreTextView
  - SDWebImage
  - Segmentio
  - SWXMLHash (~> 5.0.0)
  - TagListView (~> 1.4.0)
  - Toaster
  - TPKeyboardAvoidingSwift
  - WSTagsField
  - Zoomy

SPEC REPOS:
  trunk:
    - Cache
    - Closures
    - DropDown
    - Firebase
    - FirebaseABTesting
    - FirebaseAnalytics
    - FirebaseAuth
    - FirebaseCore
    - FirebaseCoreDiagnostics
    - FirebaseCrashlytics
    - FirebaseDatabase
    - FirebaseDynamicLinks
    - FirebaseInstallations
    - FirebaseInstanceID
    - FirebaseMessaging
    - FirebasePerformance
    - FirebaseRemoteConfig
    - FirebaseStorage
    - GoogleAppMeasurement
    - GoogleDataTransport
    - GoogleToolboxForMac
    - GoogleUtilities
    - GTMSessionFetcher
    - ImageSlideshow
    - Imaginary
    - InjectableLoggers
    - InputBarAccessoryView
    - KeyboardAvoidingView
    - Kingfisher
    - leveldb-library
    - Lightbox
    - Macaw
    - MBProgressHUD
    - MessageKit
    - nanopb
    - NYTPhotoViewer
    - PageMaster
    - PINCache
    - PINOperation
    - PINRemoteImage
    - PromisesObjC
    - Protobuf
    - ReadMoreTextView
    - SDWebImage
    - Segmentio
    - SWXMLHash
    - TagListView
    - Toaster
    - TPKeyboardAvoidingSwift
    - ViewState
    - WSTagsField
    - Zoomy

EXTERNAL SOURCES:
  FMPhotoPicker:
    :branch: allowCustomCrop
    :git: https://github.com/iBinh/FMPhotoPicker.git

CHECKOUT OPTIONS:
  FMPhotoPicker:
    :commit: b6fc9d3b712ffb8f70edf8658d3c56f111f0cded
    :git: https://github.com/iBinh/FMPhotoPicker.git

SPEC CHECKSUMS:
  Cache: 4ca7e00363fca5455f26534e5607634c820ffc2d
  Closures: a83b9892a5b1c4125a9dfcd53e2754db5d7f6d22
  DropDown: 8a2116376c1981888557f72ec2ffc9a5e0e456ec
  Firebase: c23a36d9e4cdf7877dfcba8dd0c58add66358999
  FirebaseABTesting: 8a9d8df3acc2b43f4a22014ddf9f601bca6af699
  FirebaseAnalytics: 3bb096873ee0d7fa4b6c70f5e9166b6da413cc7f
  FirebaseAuth: c92d49ada7948d1a23466e3db17bc4c2039dddc3
  FirebaseCore: d3a978a3cfa3240bf7e4ba7d137fdf5b22b628ec
  FirebaseCoreDiagnostics: 770ac5958e1372ce67959ae4b4f31d8e127c3ac1
  FirebaseCrashlytics: 1a747c9cc084a24dc6d9511c991db1cd078154eb
  FirebaseDatabase: 13a865a4b85897462b930eb683bda8f52583713f
  FirebaseDynamicLinks: 6eac37d86910382eafb6315d952cc44c9e176094
  FirebaseInstallations: 466c7b4d1f58fe16707693091da253726a731ed2
  FirebaseInstanceID: bd3ffc24367f901a43c063b36c640b345a4a5dd1
  FirebaseMessaging: 5eca4ef173de76253352511aafef774caa1cba2a
  FirebasePerformance: e325a8ee84a6a3d89c0be049390ed6c1775cce22
  FirebaseRemoteConfig: 35a729305f254fb15a2e541d4b36f3a379da7fdc
  FirebaseStorage: 15e0f15ef3c7fec3d1899d68623e47d4447066b4
  FMPhotoPicker: 35a6ea51c0c3ea2d76f40368d72a4fd1a34edb57
  GoogleAppMeasurement: a6a3a066369828db64eda428cb2856dc1cdc7c4e
  GoogleDataTransport: f56af7caa4ed338dc8e138a5d7c5973e66440833
  GoogleToolboxForMac: 800648f8b3127618c1b59c7f97684427630c5ea3
  GoogleUtilities: 7f2f5a07f888cdb145101d6042bc4422f57e70b3
  GTMSessionFetcher: 6f5c8abbab8a9bce4bb3f057e317728ec6182b10
  ImageSlideshow: 67184be896a28472bd3b906c33ce4e0734aa3d22
  Imaginary: cf5e3a7dd6ab1dcbd47ba8ce5edf2307c4e99eb3
  InjectableLoggers: 7bc1a68fb12d73785d3d50944a3f1744a8cea868
  InputBarAccessoryView: 8e7fc09e9cba75e0fee5da13450e15c194806f69
  KeyboardAvoidingView: ef26d0d7e55ae412e9ef6e02ba84e7540af0ce4e
  Kingfisher: b3554e7bf6106115b44e8795300bad580ef2fdc7
  leveldb-library: 55d93ee664b4007aac644a782d11da33fba316f7
  Lightbox: cc3d5124f024fa8197fd23f913160db1c61a1852
  Macaw: 4a931baf9a9826b06d0d8ecf300014c962ab9d50
  MBProgressHUD: 3ee5efcc380f6a79a7cc9b363dd669c5e1ae7406
  MessageKit: 3beb578737a5aa2bba25cc27c7b6d6faa09af5a7
  nanopb: 59317e09cf1f1a0af72f12af412d54edf52603fc
  NYTPhotoViewer: 6f50ea92f265d54a350b39a7ab7a1b91ca487ff6
  PageMaster: 129433773a1df1b0f0b5d6059b063671ab78f12b
  PINCache: bea7c404c360f6fe0f6ee783c5cd14e778fa2aab
  PINOperation: 3a967a927e7867e61976c6cc23e5770416449fbc
  PINRemoteImage: 3b7cedb118c2d357f87e9eabc7c81ba0202cb236
  PromisesObjC: 8c196f5a328c2cba3e74624585467a557dcb482f
  Protobuf: 3dac39b34a08151c6d949560efe3f86134a3f748
  ReadMoreTextView: 19147adf93abce6d7271e14031a00303fe28720d
  SDWebImage: 0b42b8719ab0c5257177d5894306e8a336b21cbb
  Segmentio: ab29def64e1bff6e6e9b97671788a99bed3f1d9f
  SWXMLHash: 9cc0c2e4807926c74377724aa8722ee5707a0485
  TagListView: a1c236d17960a0cf64156725a76ce6d73ebce2be
  Toaster: c1a81b376edcc2470157b4d1ee1e9341d3b96455
  TPKeyboardAvoidingSwift: ce1a75e0bc3af6b485f8bfa1d0a8320cfc565851
  ViewState: 78aa77483e74e592c22e841619b853bc686843be
  WSTagsField: a4e91b7d866e8c9755332ebcf8123f42f2abd4a0
  Zoomy: 598d7a6d52567e4f8bf2e557907bbd9d7e725664

PODFILE CHECKSUM: 62052f952c754f120be271f383c8724238e9ebe8

COCOAPODS: 1.9.1
